<Solution>
  <Project Path="RandomPasswordGenerator.csproj" />
  <Project Path="PasswordStrength/PasswordStrength.csproj" />
  <Folder Name="/Tests/">
    <Project Path="Tests/PasswordStrength.Tests/PasswordStrength.Tests.csproj" />
    <Project Path="Tests/RandomPasswordGenerator.Tests/RandomPasswordGenerator.Tests.csproj" />
  </Folder>
</Solution>
